
Microsoft Visual Studio Solution File, Format Version 12.00
# Visual Studio Version 17
VisualStudioVersion = 17.5.33627.172
MinimumVisualStudioVersion = 10.0.40219.1
Project("{FAE04EC0-301F-11D3-BF4B-00C04F79EFBC}") = "HuynhNgocVu_QLNhanSU_TKTM", "HuynhNgocVu_QLNhanSU_TKTM\HuynhNgocVu_QLNhanSU_TKTM.csproj", "{7EDE8DDC-03CC-4DB4-BC33-69114B8E3D24}"
EndProject
Global
	GlobalSection(SolutionConfigurationPlatforms) = preSolution
		Debug|Any CPU = Debug|Any CPU
		Release|Any CPU = Release|Any CPU
	EndGlobalSection
	GlobalSection(ProjectConfigurationPlatforms) = postSolution
		{7EDE8DDC-03CC-4DB4-BC33-69114B8E3D24}.Debug|Any CPU.ActiveCfg = Debug|Any CPU
		{7EDE8DDC-03CC-4DB4-BC33-69114B8E3D24}.Debug|Any CPU.Build.0 = Debug|Any CPU
		{7EDE8DDC-03CC-4DB4-BC33-69114B8E3D24}.Release|Any CPU.ActiveCfg = Release|Any CPU
		{7EDE8DDC-03CC-4DB4-BC33-69114B8E3D24}.Release|Any CPU.Build.0 = Release|Any CPU
	EndGlobalSection
	GlobalSection(SolutionProperties) = preSolution
		HideSolutionNode = FALSE
	EndGlobalSection
	GlobalSection(ExtensibilityGlobals) = postSolution
		SolutionGuid = {71873C9D-84B7-481B-82D4-DE8A67D4AAB9}
	EndGlobalSection
EndGlobal
